// !$*UTF8*$!
{
	archiveVersion = 1;
	classes = {
	};
	objectVersion = 56;
	objects = {

/* Begin PBXBuildFile section */
		360C679D2A3CA901002E13C1 /* Gender.swift in Sources */ = {isa = PBXBuildFile; fileRef = 360C679C2A3CA901002E13C1 /* Gender.swift */; };
		360CC0E42A507B3700A5D87B /* UIView+Ex.swift in Sources */ = {isa = PBXBuildFile; fileRef = 360CC0E32A507B3700A5D87B /* UIView+Ex.swift */; };
		3617B42C2A2A0DE400C3D891 /* AppDelegate.swift in Sources */ = {isa = PBXBuildFile; fileRef = 3617B42B2A2A0DE400C3D891 /* AppDelegate.swift */; };
		3617B4302A2A0DE400C3D891 /* LoggedOutViewController.swift in Sources */ = {isa = PBXBuildFile; fileRef = 3617B42F2A2A0DE400C3D891 /* LoggedOutViewController.swift */; };
		3617B4352A2A0DE700C3D891 /* Assets.xcassets in Resources */ = {isa = PBXBuildFile; fileRef = 3617B4342A2A0DE700C3D891 /* Assets.xcassets */; };
		3617B4382A2A0DE700C3D891 /* LaunchScreen.storyboard in Resources */ = {isa = PBXBuildFile; fileRef = 3617B4362A2A0DE700C3D891 /* LaunchScreen.storyboard */; };
		3617B4422A2A14C700C3D891 /* SnapKit in Frameworks */ = {isa = PBXBuildFile; productRef = 3617B4412A2A14C700C3D891 /* SnapKit */; };
		3617B4442A2A244400C3D891 /* UIColor+Ex.swift in Sources */ = {isa = PBXBuildFile; fileRef = 3617B4432A2A244300C3D891 /* UIColor+Ex.swift */; };
		3617B4472A2A281200C3D891 /* String+Ex.swift in Sources */ = {isa = PBXBuildFile; fileRef = 3617B4462A2A281200C3D891 /* String+Ex.swift */; };
		3617B44A2A2A28AB00C3D891 /* Localizable.strings in Resources */ = {isa = PBXBuildFile; fileRef = 3617B44C2A2A28AB00C3D891 /* Localizable.strings */; };
		3617B44F2A2B778F00C3D891 /* RegisterScreenViewController.swift in Sources */ = {isa = PBXBuildFile; fileRef = 3617B44E2A2B778F00C3D891 /* RegisterScreenViewController.swift */; };
		362D4B522A9F76D400DB62A0 /* MobilityAndGoalScreenViewController.swift in Sources */ = {isa = PBXBuildFile; fileRef = 362D4B512A9F76D400DB62A0 /* MobilityAndGoalScreenViewController.swift */; };
		363EDAD52A31F95900FFACB0 /* KeychainManager.swift in Sources */ = {isa = PBXBuildFile; fileRef = 363EDAD42A31F95900FFACB0 /* KeychainManager.swift */; };
		3640F8BB2A87C171009A45EA /* RootViewController.swift in Sources */ = {isa = PBXBuildFile; fileRef = 3640F8BA2A87C171009A45EA /* RootViewController.swift */; };
		3679971C2A97535500444E15 /* ApiManager.swift in Sources */ = {isa = PBXBuildFile; fileRef = 3679971B2A97535500444E15 /* ApiManager.swift */; };
		3679971E2A97574900444E15 /* NetworkingError.swift in Sources */ = {isa = PBXBuildFile; fileRef = 3679971D2A97574900444E15 /* NetworkingError.swift */; };
		36AF71942A32197B002C9132 /* LogInScreenViewController.swift in Sources */ = {isa = PBXBuildFile; fileRef = 36AF71932A32197B002C9132 /* LogInScreenViewController.swift */; };
		36AF71972A321C60002C9132 /* ProfileScreenViewController.swift in Sources */ = {isa = PBXBuildFile; fileRef = 36AF71962A321C60002C9132 /* ProfileScreenViewController.swift */; };
		36AF719A2A334409002C9132 /* TabBarController.swift in Sources */ = {isa = PBXBuildFile; fileRef = 36AF71992A334409002C9132 /* TabBarController.swift */; };
		36BB2D0B2A37BD080051CED6 /* ProfileInfoModel.swift in Sources */ = {isa = PBXBuildFile; fileRef = 36BB2D0A2A37BD080051CED6 /* ProfileInfoModel.swift */; };
		36BB2D0E2A37BE190051CED6 /* Model.xcdatamodeld in Sources */ = {isa = PBXBuildFile; fileRef = 36BB2D0C2A37BE190051CED6 /* Model.xcdatamodeld */; };
		36BB2D112A37C0DB0051CED6 /* ProfileInfo+CoreDataClass.swift in Sources */ = {isa = PBXBuildFile; fileRef = 36BB2D0F2A37C0DB0051CED6 /* ProfileInfo+CoreDataClass.swift */; };
		36BB2D122A37C0DB0051CED6 /* ProfileInfo+CoreDataProperties.swift in Sources */ = {isa = PBXBuildFile; fileRef = 36BB2D102A37C0DB0051CED6 /* ProfileInfo+CoreDataProperties.swift */; };
		36BB2D152A37C29B0051CED6 /* ProfileInfoPersistent.swift in Sources */ = {isa = PBXBuildFile; fileRef = 36BB2D142A37C29B0051CED6 /* ProfileInfoPersistent.swift */; };
		36CE5B042A389307001F5D64 /* ProfileViewModel.swift in Sources */ = {isa = PBXBuildFile; fileRef = 36CE5B032A389307001F5D64 /* ProfileViewModel.swift */; };
		36CE5B062A38C12A001F5D64 /* LogInViewModel.swift in Sources */ = {isa = PBXBuildFile; fileRef = 36CE5B052A38C12A001F5D64 /* LogInViewModel.swift */; };
		36CE5B092A3B5C28001F5D64 /* CalculateScreenViewController.swift in Sources */ = {isa = PBXBuildFile; fileRef = 36CE5B082A3B5C28001F5D64 /* CalculateScreenViewController.swift */; };
		36CE5B0B2A3C7F7D001F5D64 /* CalculateDataModel.swift in Sources */ = {isa = PBXBuildFile; fileRef = 36CE5B0A2A3C7F7D001F5D64 /* CalculateDataModel.swift */; };
		36CEB7D52A3F42C2004421EA /* Goal.swift in Sources */ = {isa = PBXBuildFile; fileRef = 36CEB7D42A3F42C2004421EA /* Goal.swift */; };
		36CEB7D92A3F43DC004421EA /* CalculateViewModel.swift in Sources */ = {isa = PBXBuildFile; fileRef = 36CEB7D82A3F43DC004421EA /* CalculateViewModel.swift */; };
		36CEB7DC2A3F4652004421EA /* CaloriesModel.swift in Sources */ = {isa = PBXBuildFile; fileRef = 36CEB7DB2A3F4652004421EA /* CaloriesModel.swift */; };
/* End PBXBuildFile section */

/* Begin PBXFileReference section */
		360C679C2A3CA901002E13C1 /* Gender.swift */ = {isa = PBXFileReference; lastKnownFileType = sourcecode.swift; path = Gender.swift; sourceTree = "<group>"; };
		360CC0E32A507B3700A5D87B /* UIView+Ex.swift */ = {isa = PBXFileReference; lastKnownFileType = sourcecode.swift; path = "UIView+Ex.swift"; sourceTree = "<group>"; };
		3617B4282A2A0DE400C3D891 /* HealthCalculator.app */ = {isa = PBXFileReference; explicitFileType = wrapper.application; includeInIndex = 0; path = HealthCalculator.app; sourceTree = BUILT_PRODUCTS_DIR; };
		3617B42B2A2A0DE400C3D891 /* AppDelegate.swift */ = {isa = PBXFileReference; lastKnownFileType = sourcecode.swift; path = AppDelegate.swift; sourceTree = "<group>"; };
		3617B42F2A2A0DE400C3D891 /* LoggedOutViewController.swift */ = {isa = PBXFileReference; lastKnownFileType = sourcecode.swift; path = LoggedOutViewController.swift; sourceTree = "<group>"; };
		3617B4342A2A0DE700C3D891 /* Assets.xcassets */ = {isa = PBXFileReference; lastKnownFileType = folder.assetcatalog; path = Assets.xcassets; sourceTree = "<group>"; };
		3617B4372A2A0DE700C3D891 /* Base */ = {isa = PBXFileReference; lastKnownFileType = file.storyboard; name = Base; path = Base.lproj/LaunchScreen.storyboard; sourceTree = "<group>"; };
		3617B4392A2A0DE700C3D891 /* Info.plist */ = {isa = PBXFileReference; lastKnownFileType = text.plist.xml; path = Info.plist; sourceTree = "<group>"; };
		3617B4432A2A244300C3D891 /* UIColor+Ex.swift */ = {isa = PBXFileReference; lastKnownFileType = sourcecode.swift; path = "UIColor+Ex.swift"; sourceTree = "<group>"; };
		3617B4462A2A281200C3D891 /* String+Ex.swift */ = {isa = PBXFileReference; lastKnownFileType = sourcecode.swift; path = "String+Ex.swift"; sourceTree = "<group>"; };
		3617B44B2A2A28AB00C3D891 /* en */ = {isa = PBXFileReference; lastKnownFileType = text.plist.strings; name = en; path = en.lproj/Localizable.strings; sourceTree = "<group>"; };
		3617B44D2A2A28BA00C3D891 /* ru */ = {isa = PBXFileReference; lastKnownFileType = text.plist.strings; name = ru; path = ru.lproj/Localizable.strings; sourceTree = "<group>"; };
		3617B44E2A2B778F00C3D891 /* RegisterScreenViewController.swift */ = {isa = PBXFileReference; lastKnownFileType = sourcecode.swift; path = RegisterScreenViewController.swift; sourceTree = "<group>"; };
		362D4B512A9F76D400DB62A0 /* MobilityAndGoalScreenViewController.swift */ = {isa = PBXFileReference; lastKnownFileType = sourcecode.swift; path = MobilityAndGoalScreenViewController.swift; sourceTree = "<group>"; };
		363EDAD42A31F95900FFACB0 /* KeychainManager.swift */ = {isa = PBXFileReference; lastKnownFileType = sourcecode.swift; path = KeychainManager.swift; sourceTree = "<group>"; };
		3640F8BA2A87C171009A45EA /* RootViewController.swift */ = {isa = PBXFileReference; lastKnownFileType = sourcecode.swift; path = RootViewController.swift; sourceTree = "<group>"; };
		3679971B2A97535500444E15 /* ApiManager.swift */ = {isa = PBXFileReference; lastKnownFileType = sourcecode.swift; path = ApiManager.swift; sourceTree = "<group>"; };
		3679971D2A97574900444E15 /* NetworkingError.swift */ = {isa = PBXFileReference; lastKnownFileType = sourcecode.swift; path = NetworkingError.swift; sourceTree = "<group>"; };
		36AF71932A32197B002C9132 /* LogInScreenViewController.swift */ = {isa = PBXFileReference; lastKnownFileType = sourcecode.swift; path = LogInScreenViewController.swift; sourceTree = "<group>"; };
		36AF71962A321C60002C9132 /* ProfileScreenViewController.swift */ = {isa = PBXFileReference; lastKnownFileType = sourcecode.swift; path = ProfileScreenViewController.swift; sourceTree = "<group>"; };
		36AF71992A334409002C9132 /* TabBarController.swift */ = {isa = PBXFileReference; lastKnownFileType = sourcecode.swift; path = TabBarController.swift; sourceTree = "<group>"; };
		36BB2D0A2A37BD080051CED6 /* ProfileInfoModel.swift */ = {isa = PBXFileReference; lastKnownFileType = sourcecode.swift; path = ProfileInfoModel.swift; sourceTree = "<group>"; };
		36BB2D0D2A37BE190051CED6 /* Model.xcdatamodel */ = {isa = PBXFileReference; lastKnownFileType = wrapper.xcdatamodel; path = Model.xcdatamodel; sourceTree = "<group>"; };
		36BB2D0F2A37C0DB0051CED6 /* ProfileInfo+CoreDataClass.swift */ = {isa = PBXFileReference; lastKnownFileType = sourcecode.swift; path = "ProfileInfo+CoreDataClass.swift"; sourceTree = "<group>"; };
		36BB2D102A37C0DB0051CED6 /* ProfileInfo+CoreDataProperties.swift */ = {isa = PBXFileReference; lastKnownFileType = sourcecode.swift; path = "ProfileInfo+CoreDataProperties.swift"; sourceTree = "<group>"; };
		36BB2D142A37C29B0051CED6 /* ProfileInfoPersistent.swift */ = {isa = PBXFileReference; lastKnownFileType = sourcecode.swift; path = ProfileInfoPersistent.swift; sourceTree = "<group>"; };
		36CE5B032A389307001F5D64 /* ProfileViewModel.swift */ = {isa = PBXFileReference; lastKnownFileType = sourcecode.swift; path = ProfileViewModel.swift; sourceTree = "<group>"; };
		36CE5B052A38C12A001F5D64 /* LogInViewModel.swift */ = {isa = PBXFileReference; lastKnownFileType = sourcecode.swift; path = LogInViewModel.swift; sourceTree = "<group>"; };
		36CE5B082A3B5C28001F5D64 /* CalculateScreenViewController.swift */ = {isa = PBXFileReference; lastKnownFileType = sourcecode.swift; path = CalculateScreenViewController.swift; sourceTree = "<group>"; };
		36CE5B0A2A3C7F7D001F5D64 /* CalculateDataModel.swift */ = {isa = PBXFileReference; lastKnownFileType = sourcecode.swift; path = CalculateDataModel.swift; sourceTree = "<group>"; };
		36CEB7D42A3F42C2004421EA /* Goal.swift */ = {isa = PBXFileReference; lastKnownFileType = sourcecode.swift; path = Goal.swift; sourceTree = "<group>"; };
		36CEB7D82A3F43DC004421EA /* CalculateViewModel.swift */ = {isa = PBXFileReference; lastKnownFileType = sourcecode.swift; path = CalculateViewModel.swift; sourceTree = "<group>"; };
		36CEB7DB2A3F4652004421EA /* CaloriesModel.swift */ = {isa = PBXFileReference; lastKnownFileType = sourcecode.swift; path = CaloriesModel.swift; sourceTree = "<group>"; };
/* End PBXFileReference section */

/* Begin PBXFrameworksBuildPhase section */
		3617B4252A2A0DE400C3D891 /* Frameworks */ = {
			isa = PBXFrameworksBuildPhase;
			buildActionMask = 2147483647;
			files = (
				3617B4422A2A14C700C3D891 /* SnapKit in Frameworks */,
			);
			runOnlyForDeploymentPostprocessing = 0;
		};
/* End PBXFrameworksBuildPhase section */

/* Begin PBXGroup section */
		3617B41F2A2A0DE400C3D891 = {
			isa = PBXGroup;
			children = (
				3617B42A2A2A0DE400C3D891 /* HealthCalculator */,
				3617B4292A2A0DE400C3D891 /* Products */,
			);
			sourceTree = "<group>";
		};
		3617B4292A2A0DE400C3D891 /* Products */ = {
			isa = PBXGroup;
			children = (
				3617B4282A2A0DE400C3D891 /* HealthCalculator.app */,
			);
			name = Products;
			sourceTree = "<group>";
		};
		3617B42A2A2A0DE400C3D891 /* HealthCalculator */ = {
			isa = PBXGroup;
			children = (
				363EDAD42A31F95900FFACB0 /* KeychainManager.swift */,
				3617B42B2A2A0DE400C3D891 /* AppDelegate.swift */,
				36BB2D142A37C29B0051CED6 /* ProfileInfoPersistent.swift */,
				3679971B2A97535500444E15 /* ApiManager.swift */,
				3679971D2A97574900444E15 /* NetworkingError.swift */,
				3640F8BA2A87C171009A45EA /* RootViewController.swift */,
				36AF71992A334409002C9132 /* TabBarController.swift */,
				3617B43F2A2A11AF00C3D891 /* LoggedOut */,
				3617B4502A2B779A00C3D891 /* Register */,
				36AF71952A321A6F002C9132 /* LogIn */,
				36AF71982A321C66002C9132 /* Profile */,
				36CE5B072A3B5BF9001F5D64 /* Calculate */,
				3617B4342A2A0DE700C3D891 /* Assets.xcassets */,
				3617B44C2A2A28AB00C3D891 /* Localizable.strings */,
				3617B4362A2A0DE700C3D891 /* LaunchScreen.storyboard */,
				3617B4392A2A0DE700C3D891 /* Info.plist */,
				3617B4452A2A25B100C3D891 /* Extensions */,
				36BB2D132A37C0E70051CED6 /* CoreData */,
			);
			path = HealthCalculator;
			sourceTree = "<group>";
		};
		3617B43F2A2A11AF00C3D891 /* LoggedOut */ = {
			isa = PBXGroup;
			children = (
				3617B42F2A2A0DE400C3D891 /* LoggedOutViewController.swift */,
			);
			path = LoggedOut;
			sourceTree = "<group>";
		};
		3617B4452A2A25B100C3D891 /* Extensions */ = {
			isa = PBXGroup;
			children = (
				3617B4432A2A244300C3D891 /* UIColor+Ex.swift */,
				3617B4462A2A281200C3D891 /* String+Ex.swift */,
				360CC0E32A507B3700A5D87B /* UIView+Ex.swift */,
			);
			path = Extensions;
			sourceTree = "<group>";
		};
		3617B4502A2B779A00C3D891 /* Register */ = {
			isa = PBXGroup;
			children = (
				3617B44E2A2B778F00C3D891 /* RegisterScreenViewController.swift */,
			);
			path = Register;
			sourceTree = "<group>";
		};
		36AF71952A321A6F002C9132 /* LogIn */ = {
			isa = PBXGroup;
			children = (
				36AF71932A32197B002C9132 /* LogInScreenViewController.swift */,
				36CE5B052A38C12A001F5D64 /* LogInViewModel.swift */,
			);
			path = LogIn;
			sourceTree = "<group>";
		};
		36AF71982A321C66002C9132 /* Profile */ = {
			isa = PBXGroup;
			children = (
				36CE5B022A3892EA001F5D64 /* ViewModel */,
				36BB2D082A37BCCE0051CED6 /* Model */,
				36BB2D092A37BCD80051CED6 /* View */,
			);
			path = Profile;
			sourceTree = "<group>";
		};
		36BB2D082A37BCCE0051CED6 /* Model */ = {
			isa = PBXGroup;
			children = (
				36BB2D0A2A37BD080051CED6 /* ProfileInfoModel.swift */,
			);
			path = Model;
			sourceTree = "<group>";
		};
		36BB2D092A37BCD80051CED6 /* View */ = {
			isa = PBXGroup;
			children = (
				36AF71962A321C60002C9132 /* ProfileScreenViewController.swift */,
			);
			path = View;
			sourceTree = "<group>";
		};
		36BB2D132A37C0E70051CED6 /* CoreData */ = {
			isa = PBXGroup;
			children = (
				36BB2D0F2A37C0DB0051CED6 /* ProfileInfo+CoreDataClass.swift */,
				36BB2D102A37C0DB0051CED6 /* ProfileInfo+CoreDataProperties.swift */,
				36BB2D0C2A37BE190051CED6 /* Model.xcdatamodeld */,
			);
			path = CoreData;
			sourceTree = "<group>";
		};
		36CE5B022A3892EA001F5D64 /* ViewModel */ = {
			isa = PBXGroup;
			children = (
				36CE5B032A389307001F5D64 /* ProfileViewModel.swift */,
			);
			path = ViewModel;
			sourceTree = "<group>";
		};
		36CE5B072A3B5BF9001F5D64 /* Calculate */ = {
			isa = PBXGroup;
			children = (
				36CEB7D32A3F2ED8004421EA /* View */,
				36CEB7D22A3F2EC7004421EA /* Model */,
				36CEB7DA2A3F43E3004421EA /* ViewModel */,
			);
			path = Calculate;
			sourceTree = "<group>";
		};
		36CEB7D22A3F2EC7004421EA /* Model */ = {
			isa = PBXGroup;
			children = (
				360C679C2A3CA901002E13C1 /* Gender.swift */,
				36CE5B0A2A3C7F7D001F5D64 /* CalculateDataModel.swift */,
				36CEB7D42A3F42C2004421EA /* Goal.swift */,
				36CEB7DB2A3F4652004421EA /* CaloriesModel.swift */,
			);
			path = Model;
			sourceTree = "<group>";
		};
		36CEB7D32A3F2ED8004421EA /* View */ = {
			isa = PBXGroup;
			children = (
				36CE5B082A3B5C28001F5D64 /* CalculateScreenViewController.swift */,
				362D4B512A9F76D400DB62A0 /* MobilityAndGoalScreenViewController.swift */,
			);
			path = View;
			sourceTree = "<group>";
		};
		36CEB7DA2A3F43E3004421EA /* ViewModel */ = {
			isa = PBXGroup;
			children = (
				36CEB7D82A3F43DC004421EA /* CalculateViewModel.swift */,
			);
			path = ViewModel;
			sourceTree = "<group>";
		};
/* End PBXGroup section */

/* Begin PBXNativeTarget section */
		3617B4272A2A0DE400C3D891 /* HealthCalculator */ = {
			isa = PBXNativeTarget;
			buildConfigurationList = 3617B43C2A2A0DE700C3D891 /* Build configuration list for PBXNativeTarget "HealthCalculator" */;
			buildPhases = (
				3617B4242A2A0DE400C3D891 /* Sources */,
				3617B4252A2A0DE400C3D891 /* Frameworks */,
				3617B4262A2A0DE400C3D891 /* Resources */,
			);
			buildRules = (
			);
			dependencies = (
			);
			name = HealthCalculator;
			packageProductDependencies = (
				3617B4412A2A14C700C3D891 /* SnapKit */,
			);
			productName = HealthCalculator;
			productReference = 3617B4282A2A0DE400C3D891 /* HealthCalculator.app */;
			productType = "com.apple.product-type.application";
		};
/* End PBXNativeTarget section */

/* Begin PBXProject section */
		3617B4202A2A0DE400C3D891 /* Project object */ = {
			isa = PBXProject;
			attributes = {
				BuildIndependentTargetsInParallel = 1;
				LastSwiftUpdateCheck = 1430;
				LastUpgradeCheck = 1430;
				TargetAttributes = {
					3617B4272A2A0DE400C3D891 = {
						CreatedOnToolsVersion = 14.3;
					};
				};
			};
			buildConfigurationList = 3617B4232A2A0DE400C3D891 /* Build configuration list for PBXProject "HealthCalculator" */;
			compatibilityVersion = "Xcode 14.0";
			developmentRegion = en;
			hasScannedForEncodings = 0;
			knownRegions = (
				en,
				Base,
				ru,
			);
			mainGroup = 3617B41F2A2A0DE400C3D891;
			packageReferences = (
				3617B4402A2A14C700C3D891 /* XCRemoteSwiftPackageReference "SnapKit" */,
			);
			productRefGroup = 3617B4292A2A0DE400C3D891 /* Products */;
			projectDirPath = "";
			projectRoot = "";
			targets = (
				3617B4272A2A0DE400C3D891 /* HealthCalculator */,
			);
		};
/* End PBXProject section */

/* Begin PBXResourcesBuildPhase section */
		3617B4262A2A0DE400C3D891 /* Resources */ = {
			isa = PBXResourcesBuildPhase;
			buildActionMask = 2147483647;
			files = (
				3617B4382A2A0DE700C3D891 /* LaunchScreen.storyboard in Resources */,
				3617B44A2A2A28AB00C3D891 /* Localizable.strings in Resources */,
				3617B4352A2A0DE700C3D891 /* Assets.xcassets in Resources */,
			);
			runOnlyForDeploymentPostprocessing = 0;
		};
/* End PBXResourcesBuildPhase section */

/* Begin PBXSourcesBuildPhase section */
		3617B4242A2A0DE400C3D891 /* Sources */ = {
			isa = PBXSourcesBuildPhase;
			buildActionMask = 2147483647;
			files = (
				36CEB7D92A3F43DC004421EA /* CalculateViewModel.swift in Sources */,
				36AF71942A32197B002C9132 /* LogInScreenViewController.swift in Sources */,
				36CE5B092A3B5C28001F5D64 /* CalculateScreenViewController.swift in Sources */,
				36BB2D122A37C0DB0051CED6 /* ProfileInfo+CoreDataProperties.swift in Sources */,
				36CEB7DC2A3F4652004421EA /* CaloriesModel.swift in Sources */,
				360CC0E42A507B3700A5D87B /* UIView+Ex.swift in Sources */,
				36BB2D152A37C29B0051CED6 /* ProfileInfoPersistent.swift in Sources */,
				36CE5B0B2A3C7F7D001F5D64 /* CalculateDataModel.swift in Sources */,
				3617B4442A2A244400C3D891 /* UIColor+Ex.swift in Sources */,
				363EDAD52A31F95900FFACB0 /* KeychainManager.swift in Sources */,
				36BB2D112A37C0DB0051CED6 /* ProfileInfo+CoreDataClass.swift in Sources */,
				36AF719A2A334409002C9132 /* TabBarController.swift in Sources */,
				3679971C2A97535500444E15 /* ApiManager.swift in Sources */,
				360C679D2A3CA901002E13C1 /* Gender.swift in Sources */,
				3617B4472A2A281200C3D891 /* String+Ex.swift in Sources */,
				3640F8BB2A87C171009A45EA /* RootViewController.swift in Sources */,
				36AF71972A321C60002C9132 /* ProfileScreenViewController.swift in Sources */,
				36CE5B042A389307001F5D64 /* ProfileViewModel.swift in Sources */,
				3679971E2A97574900444E15 /* NetworkingError.swift in Sources */,
				3617B4302A2A0DE400C3D891 /* LoggedOutViewController.swift in Sources */,
				36CEB7D52A3F42C2004421EA /* Goal.swift in Sources */,
				3617B42C2A2A0DE400C3D891 /* AppDelegate.swift in Sources */,
				362D4B522A9F76D400DB62A0 /* MobilityAndGoalScreenViewController.swift in Sources */,
				36CE5B062A38C12A001F5D64 /* LogInViewModel.swift in Sources */,
				3617B44F2A2B778F00C3D891 /* RegisterScreenViewController.swift in Sources */,
				36BB2D0E2A37BE190051CED6 /* Model.xcdatamodeld in Sources */,
				36BB2D0B2A37BD080051CED6 /* ProfileInfoModel.swift in Sources */,
			);
			runOnlyForDeploymentPostprocessing = 0;
		};
/* End PBXSourcesBuildPhase section */

/* Begin PBXVariantGroup section */
		3617B4362A2A0DE700C3D891 /* LaunchScreen.storyboard */ = {
			isa = PBXVariantGroup;
			children = (
				3617B4372A2A0DE700C3D891 /* Base */,
			);
			name = LaunchScreen.storyboard;
			sourceTree = "<group>";
		};
		3617B44C2A2A28AB00C3D891 /* Localizable.strings */ = {
			isa = PBXVariantGroup;
			children = (
				3617B44B2A2A28AB00C3D891 /* en */,
				3617B44D2A2A28BA00C3D891 /* ru */,
			);
			name = Localizable.strings;
			sourceTree = "<group>";
		};
/* End PBXVariantGroup section */

/* Begin XCBuildConfiguration section */
		3617B43A2A2A0DE700C3D891 /* Debug */ = {
			isa = XCBuildConfiguration;
			buildSettings = {
				ALWAYS_SEARCH_USER_PATHS = NO;
				CLANG_ANALYZER_LOCALIZABILITY_NONLOCALIZED = YES;
				CLANG_ANALYZER_NONNULL = YES;
				CLANG_ANALYZER_NUMBER_OBJECT_CONVERSION = YES_AGGRESSIVE;
				CLANG_CXX_LANGUAGE_STANDARD = "gnu++20";
				CLANG_ENABLE_MODULES = YES;
				CLANG_ENABLE_OBJC_ARC = YES;
				CLANG_ENABLE_OBJC_WEAK = YES;
				CLANG_WARN_BLOCK_CAPTURE_AUTORELEASING = YES;
				CLANG_WARN_BOOL_CONVERSION = YES;
				CLANG_WARN_COMMA = YES;
				CLANG_WARN_CONSTANT_CONVERSION = YES;
				CLANG_WARN_DEPRECATED_OBJC_IMPLEMENTATIONS = YES;
				CLANG_WARN_DIRECT_OBJC_ISA_USAGE = YES_ERROR;
				CLANG_WARN_DOCUMENTATION_COMMENTS = YES;
				CLANG_WARN_EMPTY_BODY = YES;
				CLANG_WARN_ENUM_CONVERSION = YES;
				CLANG_WARN_INFINITE_RECURSION = YES;
				CLANG_WARN_INT_CONVERSION = YES;
				CLANG_WARN_NON_LITERAL_NULL_CONVERSION = YES;
				CLANG_WARN_OBJC_IMPLICIT_RETAIN_SELF = YES;
				CLANG_WARN_OBJC_LITERAL_CONVERSION = YES;
				CLANG_WARN_OBJC_ROOT_CLASS = YES_ERROR;
				CLANG_WARN_QUOTED_INCLUDE_IN_FRAMEWORK_HEADER = YES;
				CLANG_WARN_RANGE_LOOP_ANALYSIS = YES;
				CLANG_WARN_STRICT_PROTOTYPES = YES;
				CLANG_WARN_SUSPICIOUS_MOVE = YES;
				CLANG_WARN_UNGUARDED_AVAILABILITY = YES_AGGRESSIVE;
				CLANG_WARN_UNREACHABLE_CODE = YES;
				CLANG_WARN__DUPLICATE_METHOD_MATCH = YES;
				COPY_PHASE_STRIP = NO;
				DEBUG_INFORMATION_FORMAT = dwarf;
				ENABLE_STRICT_OBJC_MSGSEND = YES;
				ENABLE_TESTABILITY = YES;
				GCC_C_LANGUAGE_STANDARD = gnu11;
				GCC_DYNAMIC_NO_PIC = NO;
				GCC_NO_COMMON_BLOCKS = YES;
				GCC_OPTIMIZATION_LEVEL = 0;
				GCC_PREPROCESSOR_DEFINITIONS = (
					"DEBUG=1",
					"$(inherited)",
				);
				GCC_WARN_64_TO_32_BIT_CONVERSION = YES;
				GCC_WARN_ABOUT_RETURN_TYPE = YES_ERROR;
				GCC_WARN_UNDECLARED_SELECTOR = YES;
				GCC_WARN_UNINITIALIZED_AUTOS = YES_AGGRESSIVE;
				GCC_WARN_UNUSED_FUNCTION = YES;
				GCC_WARN_UNUSED_VARIABLE = YES;
				IPHONEOS_DEPLOYMENT_TARGET = 16.4;
				MTL_ENABLE_DEBUG_INFO = INCLUDE_SOURCE;
				MTL_FAST_MATH = YES;
				ONLY_ACTIVE_ARCH = YES;
				SDKROOT = iphoneos;
				SWIFT_ACTIVE_COMPILATION_CONDITIONS = DEBUG;
				SWIFT_OPTIMIZATION_LEVEL = "-Onone";
			};
			name = Debug;
		};
		3617B43B2A2A0DE700C3D891 /* Release */ = {
			isa = XCBuildConfiguration;
			buildSettings = {
				ALWAYS_SEARCH_USER_PATHS = NO;
				CLANG_ANALYZER_LOCALIZABILITY_NONLOCALIZED = YES;
				CLANG_ANALYZER_NONNULL = YES;
				CLANG_ANALYZER_NUMBER_OBJECT_CONVERSION = YES_AGGRESSIVE;
				CLANG_CXX_LANGUAGE_STANDARD = "gnu++20";
				CLANG_ENABLE_MODULES = YES;
				CLANG_ENABLE_OBJC_ARC = YES;
				CLANG_ENABLE_OBJC_WEAK = YES;
				CLANG_WARN_BLOCK_CAPTURE_AUTORELEASING = YES;
				CLANG_WARN_BOOL_CONVERSION = YES;
				CLANG_WARN_COMMA = YES;
				CLANG_WARN_CONSTANT_CONVERSION = YES;
				CLANG_WARN_DEPRECATED_OBJC_IMPLEMENTATIONS = YES;
				CLANG_WARN_DIRECT_OBJC_ISA_USAGE = YES_ERROR;
				CLANG_WARN_DOCUMENTATION_COMMENTS = YES;
				CLANG_WARN_EMPTY_BODY = YES;
				CLANG_WARN_ENUM_CONVERSION = YES;
				CLANG_WARN_INFINITE_RECURSION = YES;
				CLANG_WARN_INT_CONVERSION = YES;
				CLANG_WARN_NON_LITERAL_NULL_CONVERSION = YES;
				CLANG_WARN_OBJC_IMPLICIT_RETAIN_SELF = YES;
				CLANG_WARN_OBJC_LITERAL_CONVERSION = YES;
				CLANG_WARN_OBJC_ROOT_CLASS = YES_ERROR;
				CLANG_WARN_QUOTED_INCLUDE_IN_FRAMEWORK_HEADER = YES;
				CLANG_WARN_RANGE_LOOP_ANALYSIS = YES;
				CLANG_WARN_STRICT_PROTOTYPES = YES;
				CLANG_WARN_SUSPICIOUS_MOVE = YES;
				CLANG_WARN_UNGUARDED_AVAILABILITY = YES_AGGRESSIVE;
				CLANG_WARN_UNREACHABLE_CODE = YES;
				CLANG_WARN__DUPLICATE_METHOD_MATCH = YES;
				COPY_PHASE_STRIP = NO;
				DEBUG_INFORMATION_FORMAT = "dwarf-with-dsym";
				ENABLE_NS_ASSERTIONS = NO;
				ENABLE_STRICT_OBJC_MSGSEND = YES;
				GCC_C_LANGUAGE_STANDARD = gnu11;
				GCC_NO_COMMON_BLOCKS = YES;
				GCC_WARN_64_TO_32_BIT_CONVERSION = YES;
				GCC_WARN_ABOUT_RETURN_TYPE = YES_ERROR;
				GCC_WARN_UNDECLARED_SELECTOR = YES;
				GCC_WARN_UNINITIALIZED_AUTOS = YES_AGGRESSIVE;
				GCC_WARN_UNUSED_FUNCTION = YES;
				GCC_WARN_UNUSED_VARIABLE = YES;
				IPHONEOS_DEPLOYMENT_TARGET = 16.4;
				MTL_ENABLE_DEBUG_INFO = NO;
				MTL_FAST_MATH = YES;
				SDKROOT = iphoneos;
				SWIFT_COMPILATION_MODE = wholemodule;
				SWIFT_OPTIMIZATION_LEVEL = "-O";
				VALIDATE_PRODUCT = YES;
			};
			name = Release;
		};
		3617B43D2A2A0DE700C3D891 /* Debug */ = {
			isa = XCBuildConfiguration;
			buildSettings = {
				ASSETCATALOG_COMPILER_APPICON_NAME = AppIcon;
				ASSETCATALOG_COMPILER_GLOBAL_ACCENT_COLOR_NAME = AccentColor;
				CODE_SIGN_STYLE = Automatic;
				CURRENT_PROJECT_VERSION = 1;
				DEVELOPMENT_TEAM = P892TSAJ89;
				GENERATE_INFOPLIST_FILE = YES;
				INFOPLIST_FILE = HealthCalculator/Info.plist;
				INFOPLIST_KEY_NSCameraUsageDescription = "";
				INFOPLIST_KEY_UIApplicationSupportsIndirectInputEvents = YES;
				INFOPLIST_KEY_UILaunchStoryboardName = LaunchScreen;
				INFOPLIST_KEY_UIMainStoryboardFile = "";
				INFOPLIST_KEY_UISupportedInterfaceOrientations_iPad = "UIInterfaceOrientationPortrait UIInterfaceOrientationPortraitUpsideDown UIInterfaceOrientationLandscapeLeft UIInterfaceOrientationLandscapeRight";
				INFOPLIST_KEY_UISupportedInterfaceOrientations_iPhone = "UIInterfaceOrientationPortrait UIInterfaceOrientationLandscapeRight UIInterfaceOrientationLandscapeLeft";
				LD_RUNPATH_SEARCH_PATHS = (
					"$(inherited)",
					"@executable_path/Frameworks",
				);
				MARKETING_VERSION = 1.0;
				PRODUCT_BUNDLE_IDENTIFIER = azazellooy.HealthCalculator;
				PRODUCT_NAME = "$(TARGET_NAME)";
				SWIFT_EMIT_LOC_STRINGS = YES;
				SWIFT_VERSION = 5.0;
				TARGETED_DEVICE_FAMILY = "1,2";
			};
			name = Debug;
		};
		3617B43E2A2A0DE700C3D891 /* Release */ = {
			isa = XCBuildConfiguration;
			buildSettings = {
				ASSETCATALOG_COMPILER_APPICON_NAME = AppIcon;
				ASSETCATALOG_COMPILER_GLOBAL_ACCENT_COLOR_NAME = AccentColor;
				CODE_SIGN_STYLE = Automatic;
				CURRENT_PROJECT_VERSION = 1;
				DEVELOPMENT_TEAM = P892TSAJ89;
				GENERATE_INFOPLIST_FILE = YES;
				INFOPLIST_FILE = HealthCalculator/Info.plist;
				INFOPLIST_KEY_NSCameraUsageDescription = "";
				INFOPLIST_KEY_UIApplicationSupportsIndirectInputEvents = YES;
				INFOPLIST_KEY_UILaunchStoryboardName = LaunchScreen;
				INFOPLIST_KEY_UIMainStoryboardFile = "";
				INFOPLIST_KEY_UISupportedInterfaceOrientations_iPad = "UIInterfaceOrientationPortrait UIInterfaceOrientationPortraitUpsideDown UIInterfaceOrientationLandscapeLeft UIInterfaceOrientationLandscapeRight";
				INFOPLIST_KEY_UISupportedInterfaceOrientations_iPhone = "UIInterfaceOrientationPortrait UIInterfaceOrientationLandscapeRight UIInterfaceOrientationLandscapeLeft";
				LD_RUNPATH_SEARCH_PATHS = (
					"$(inherited)",
					"@executable_path/Frameworks",
				);
				MARKETING_VERSION = 1.0;
				PRODUCT_BUNDLE_IDENTIFIER = azazellooy.HealthCalculator;
				PRODUCT_NAME = "$(TARGET_NAME)";
				SWIFT_EMIT_LOC_STRINGS = YES;
				SWIFT_VERSION = 5.0;
				TARGETED_DEVICE_FAMILY = "1,2";
			};
			name = Release;
		};
/* End XCBuildConfiguration section */

/* Begin XCConfigurationList section */
		3617B4232A2A0DE400C3D891 /* Build configuration list for PBXProject "HealthCalculator" */ = {
			isa = XCConfigurationList;
			buildConfigurations = (
				3617B43A2A2A0DE700C3D891 /* Debug */,
				3617B43B2A2A0DE700C3D891 /* Release */,
			);
			defaultConfigurationIsVisible = 0;
			defaultConfigurationName = Release;
		};
		3617B43C2A2A0DE700C3D891 /* Build configuration list for PBXNativeTarget "HealthCalculator" */ = {
			isa = XCConfigurationList;
			buildConfigurations = (
				3617B43D2A2A0DE700C3D891 /* Debug */,
				3617B43E2A2A0DE700C3D891 /* Release */,
			);
			defaultConfigurationIsVisible = 0;
			defaultConfigurationName = Release;
		};
/* End XCConfigurationList section */

/* Begin XCRemoteSwiftPackageReference section */
		3617B4402A2A14C700C3D891 /* XCRemoteSwiftPackageReference "SnapKit" */ = {
			isa = XCRemoteSwiftPackageReference;
			repositoryURL = "https://github.com/SnapKit/SnapKit.git";
			requirement = {
				kind = upToNextMajorVersion;
				minimumVersion = 5.0.0;
			};
		};
/* End XCRemoteSwiftPackageReference section */

/* Begin XCSwiftPackageProductDependency section */
		3617B4412A2A14C700C3D891 /* SnapKit */ = {
			isa = XCSwiftPackageProductDependency;
			package = 3617B4402A2A14C700C3D891 /* XCRemoteSwiftPackageReference "SnapKit" */;
			productName = SnapKit;
		};
/* End XCSwiftPackageProductDependency section */

/* Begin XCVersionGroup section */
		36BB2D0C2A37BE190051CED6 /* Model.xcdatamodeld */ = {
			isa = XCVersionGroup;
			children = (
				36BB2D0D2A37BE190051CED6 /* Model.xcdatamodel */,
			);
			currentVersion = 36BB2D0D2A37BE190051CED6 /* Model.xcdatamodel */;
			path = Model.xcdatamodeld;
			sourceTree = "<group>";
			versionGroupType = wrapper.xcdatamodel;
		};
/* End XCVersionGroup section */
	};
	rootObject = 3617B4202A2A0DE400C3D891 /* Project object */;
}
